
Microsoft Visual Studio Solution File, Format Version 12.00
# Visual Studio Version 16
VisualStudioVersion = 16.0.29418.71
MinimumVisualStudioVersion = 10.0.40219.1
Project("{FAE04EC0-301F-11D3-BF4B-00C04F79EFBC}") = "RandomDateTime", "RandomDateTime\RandomDateTime.csproj", "{46ACC8A6-E862-490D-A770-ABD86269484B}"
EndProject
Global
	GlobalSection(SolutionConfigurationPlatforms) = preSolution
		Debug|Any CPU = Debug|Any CPU
		Release|Any CPU = Release|Any CPU
	EndGlobalSection
	GlobalSection(ProjectConfigurationPlatforms) = postSolution
		{46ACC8A6-E862-490D-A770-ABD86269484B}.Debug|Any CPU.ActiveCfg = Debug|Any CPU
		{46ACC8A6-E862-490D-A770-ABD86269484B}.Debug|Any CPU.Build.0 = Debug|Any CPU
		{46ACC8A6-E862-490D-A770-ABD86269484B}.Release|Any CPU.ActiveCfg = Release|Any CPU
		{46ACC8A6-E862-490D-A770-ABD86269484B}.Release|Any CPU.Build.0 = Release|Any CPU
	EndGlobalSection
	GlobalSection(SolutionProperties) = preSolution
		HideSolutionNode = FALSE
	EndGlobalSection
	GlobalSection(ExtensibilityGlobals) = postSolution
		SolutionGuid = {8B98CB28-9C28-4FD5-9A5C-2100E1ADBB79}
	EndGlobalSection
EndGlobal
